
Microsoft Visual Studio Solution File, Format Version 12.00
# Visual Studio Version 17
VisualStudioVersion = 17.7.34024.191
MinimumVisualStudioVersion = 10.0.40219.1
Project("{FAE04EC0-301F-11D3-BF4B-00C04F79EFBC}") = "Practico02", "Practico02.csproj", "{1FD5CE67-0CA1-4017-A8A2-47D72D6AD2C8}"
EndProject
Global
	GlobalSection(SolutionConfigurationPlatforms) = preSolution
		Debug|Any CPU = Debug|Any CPU
		Release|Any CPU = Release|Any CPU
	EndGlobalSection
	GlobalSection(ProjectConfigurationPlatforms) = postSolution
		{1FD5CE67-0CA1-4017-A8A2-47D72D6AD2C8}.Debug|Any CPU.ActiveCfg = Debug|Any CPU
		{1FD5CE67-0CA1-4017-A8A2-47D72D6AD2C8}.Debug|Any CPU.Build.0 = Debug|Any CPU
		{1FD5CE67-0CA1-4017-A8A2-47D72D6AD2C8}.Release|Any CPU.ActiveCfg = Release|Any CPU
		{1FD5CE67-0CA1-4017-A8A2-47D72D6AD2C8}.Release|Any CPU.Build.0 = Release|Any CPU
	EndGlobalSection
	GlobalSection(SolutionProperties) = preSolution
		HideSolutionNode = FALSE
	EndGlobalSection
	GlobalSection(ExtensibilityGlobals) = postSolution
		SolutionGuid = {D6F0218E-954B-4AE0-8FED-44A4D4BD7110}
	EndGlobalSection
EndGlobal
